{
	"name": "activeui-hands-on",
	"version": "1.0.0",
	"lockfileVersion": 2,
	"requires": true,
	"packages": {
		"": {
			"name": "activeui-hands-on",
			"version": "1.0.0",
			"license": "ISC",
			"dependencies": {
				"@types/react-plotly.js": "^2.5.0"
			}
		},
		"node_modules/@types/d3": {
			"version": "3.5.47",
			"resolved": "https://registry.npmjs.org/@types/d3/-/d3-3.5.47.tgz",
			"integrity": "sha512-VkWIQoZXLFdcBGe5pdBKJmTU3fmpXvo/KV6ixvTzOMl1yJ2hbTXpfvsziag0kcaerPDwas2T0vxojwQG3YwivQ=="
		},
		"node_modules/@types/plotly.js": {
			"version": "1.54.20",
			"resolved": "https://registry.npmjs.org/@types/plotly.js/-/plotly.js-1.54.20.tgz",
			"integrity": "sha512-vqiqq5chr72QoApD+6Hu52iuBvT5/po/sdVF74IBnacQV6J1MjH9OeFZ3GFDwKLF24xT++FMkEGAWcgVMwg2YQ==",
			"dependencies": {
				"@types/d3": "^3"
			}
		},
		"node_modules/@types/prop-types": {
			"version": "15.7.4",
			"resolved": "https://registry.npmjs.org/@types/prop-types/-/prop-types-15.7.4.tgz",
			"integrity": "sha512-rZ5drC/jWjrArrS8BR6SIr4cWpW09RNTYt9AMZo3Jwwif+iacXAqgVjm0B0Bv/S1jhDXKHqRVNCbACkJ89RAnQ=="
		},
		"node_modules/@types/react": {
			"version": "17.0.43",
			"resolved": "https://registry.npmjs.org/@types/react/-/react-17.0.43.tgz",
			"integrity": "sha512-8Q+LNpdxf057brvPu1lMtC5Vn7J119xrP1aq4qiaefNioQUYANF/CYeK4NsKorSZyUGJ66g0IM+4bbjwx45o2A==",
			"dependencies": {
				"@types/prop-types": "*",
				"@types/scheduler": "*",
				"csstype": "^3.0.2"
			}
		},
		"node_modules/@types/react-plotly.js": {
			"version": "2.5.0",
			"resolved": "https://registry.npmjs.org/@types/react-plotly.js/-/react-plotly.js-2.5.0.tgz",
			"integrity": "sha512-bda7N/Y65d1x0FfwhgUXAugGeG9CRIxmkW/yBL8PVFUMvZGpfEnw4bXKjDozBYlOskVfxj6UQ9IKmZI6CZ7/QQ==",
			"dependencies": {
				"@types/plotly.js": "*",
				"@types/react": "*"
			}
		},
		"node_modules/@types/scheduler": {
			"version": "0.16.2",
			"resolved": "https://registry.npmjs.org/@types/scheduler/-/scheduler-0.16.2.tgz",
			"integrity": "sha512-hppQEBDmlwhFAXKJX2KnWLYu5yMfi91yazPb2l+lbJiwW+wdo1gNeRA+3RgNSO39WYX2euey41KEwnqesU2Jew=="
		},
		"node_modules/csstype": {
			"version": "3.0.11",
			"resolved": "https://registry.npmjs.org/csstype/-/csstype-3.0.11.tgz",
			"integrity": "sha512-sa6P2wJ+CAbgyy4KFssIb/JNMLxFvKF1pCYCSXS8ZMuqZnMsrxqI2E5sPyoTpxoPU/gVZMzr2zjOfg8GIZOMsw=="
		}
	},
	"dependencies": {
		"@types/d3": {
			"version": "3.5.47",
			"resolved": "https://registry.npmjs.org/@types/d3/-/d3-3.5.47.tgz",
			"integrity": "sha512-VkWIQoZXLFdcBGe5pdBKJmTU3fmpXvo/KV6ixvTzOMl1yJ2hbTXpfvsziag0kcaerPDwas2T0vxojwQG3YwivQ=="
		},
		"@types/plotly.js": {
			"version": "1.54.20",
			"resolved": "https://registry.npmjs.org/@types/plotly.js/-/plotly.js-1.54.20.tgz",
			"integrity": "sha512-vqiqq5chr72QoApD+6Hu52iuBvT5/po/sdVF74IBnacQV6J1MjH9OeFZ3GFDwKLF24xT++FMkEGAWcgVMwg2YQ==",
			"requires": {
				"@types/d3": "^3"
			}
		},
		"@types/prop-types": {
			"version": "15.7.4",
			"resolved": "https://registry.npmjs.org/@types/prop-types/-/prop-types-15.7.4.tgz",
			"integrity": "sha512-rZ5drC/jWjrArrS8BR6SIr4cWpW09RNTYt9AMZo3Jwwif+iacXAqgVjm0B0Bv/S1jhDXKHqRVNCbACkJ89RAnQ=="
		},
		"@types/react": {
			"version": "17.0.43",
			"resolved": "https://registry.npmjs.org/@types/react/-/react-17.0.43.tgz",
			"integrity": "sha512-8Q+LNpdxf057brvPu1lMtC5Vn7J119xrP1aq4qiaefNioQUYANF/CYeK4NsKorSZyUGJ66g0IM+4bbjwx45o2A==",
			"requires": {
				"@types/prop-types": "*",
				"@types/scheduler": "*",
				"csstype": "^3.0.2"
			}
		},
		"@types/react-plotly.js": {
			"version": "2.5.0",
			"resolved": "https://registry.npmjs.org/@types/react-plotly.js/-/react-plotly.js-2.5.0.tgz",
			"integrity": "sha512-bda7N/Y65d1x0FfwhgUXAugGeG9CRIxmkW/yBL8PVFUMvZGpfEnw4bXKjDozBYlOskVfxj6UQ9IKmZI6CZ7/QQ==",
			"requires": {
				"@types/plotly.js": "*",
				"@types/react": "*"
			}
		},
		"@types/scheduler": {
			"version": "0.16.2",
			"resolved": "https://registry.npmjs.org/@types/scheduler/-/scheduler-0.16.2.tgz",
			"integrity": "sha512-hppQEBDmlwhFAXKJX2KnWLYu5yMfi91yazPb2l+lbJiwW+wdo1gNeRA+3RgNSO39WYX2euey41KEwnqesU2Jew=="
		},
		"csstype": {
			"version": "3.0.11",
			"resolved": "https://registry.npmjs.org/csstype/-/csstype-3.0.11.tgz",
			"integrity": "sha512-sa6P2wJ+CAbgyy4KFssIb/JNMLxFvKF1pCYCSXS8ZMuqZnMsrxqI2E5sPyoTpxoPU/gVZMzr2zjOfg8GIZOMsw=="
		}
	}
}
